
Microsoft Visual Studio Solution File, Format Version 12.00
# Visual Studio Version 16
VisualStudioVersion = 16.0.31105.61
MinimumVisualStudioVersion = 10.0.40219.1
Project("{8BC9CEB8-8B4A-11D0-8D11-00A0C91BC942}") = "Thesis", "Thesis\Thesis.vcxproj", "{029E6091-D624-4800-876B-6C776D272AE8}"
EndProject
Project("{54435603-DBB4-11D2-8724-00A0C9A8B90C}") = "ThesisSetup", "ThesisSetup\ThesisSetup.vdproj", "{1312D89A-5C12-4FB4-8C58-C764023C6886}"
EndProject
Global
	GlobalSection(SolutionConfigurationPlatforms) = preSolution
		Debug|x64 = Debug|x64
		Debug|x86 = Debug|x86
		Release|x64 = Release|x64
		Release|x86 = Release|x86
	EndGlobalSection
	GlobalSection(ProjectConfigurationPlatforms) = postSolution
		{029E6091-D624-4800-876B-6C776D272AE8}.Debug|x64.ActiveCfg = Debug|x64
		{029E6091-D624-4800-876B-6C776D272AE8}.Debug|x64.Build.0 = Debug|x64
		{029E6091-D624-4800-876B-6C776D272AE8}.Debug|x86.ActiveCfg = Debug|Win32
		{029E6091-D624-4800-876B-6C776D272AE8}.Debug|x86.Build.0 = Debug|Win32
		{029E6091-D624-4800-876B-6C776D272AE8}.Release|x64.ActiveCfg = Release|x64
		{029E6091-D624-4800-876B-6C776D272AE8}.Release|x64.Build.0 = Release|x64
		{029E6091-D624-4800-876B-6C776D272AE8}.Release|x86.ActiveCfg = Release|Win32
		{029E6091-D624-4800-876B-6C776D272AE8}.Release|x86.Build.0 = Release|Win32
		{1312D89A-5C12-4FB4-8C58-C764023C6886}.Debug|x64.ActiveCfg = Debug
		{1312D89A-5C12-4FB4-8C58-C764023C6886}.Debug|x86.ActiveCfg = Debug
		{1312D89A-5C12-4FB4-8C58-C764023C6886}.Release|x64.ActiveCfg = Release
		{1312D89A-5C12-4FB4-8C58-C764023C6886}.Release|x86.ActiveCfg = Release
		{1312D89A-5C12-4FB4-8C58-C764023C6886}.Release|x86.Build.0 = Release
	EndGlobalSection
	GlobalSection(SolutionProperties) = preSolution
		HideSolutionNode = FALSE
	EndGlobalSection
	GlobalSection(ExtensibilityGlobals) = postSolution
		SolutionGuid = {6A78C20E-068C-4F32-A532-8CC117D9265D}
	EndGlobalSection
EndGlobal
