<?xml version="1.0" encoding="utf-8"?>
<Project ToolsVersion="4.0" xmlns="http://schemas.microsoft.com/developer/msbuild/2003">
  <ItemGroup>
    <Filter Include="Source Files">
      <UniqueIdentifier>{4FC737F1-C7A5-4376-A066-2A32D752A2FF}</UniqueIdentifier>
      <Extensions>cpp;c;cc;cxx;c++;cppm;ixx;def;odl;idl;hpj;bat;asm;asmx</Extensions>
    </Filter>
    <Filter Include="Header Files">
      <UniqueIdentifier>{93995380-89BD-4b04-88EB-625FBE52EBFB}</UniqueIdentifier>
      <Extensions>h;hh;hpp;hxx;h++;hm;inl;inc;ipp;xsd</Extensions>
    </Filter>
    <Filter Include="Resource Files">
      <UniqueIdentifier>{67DA6AB6-F800-4c08-8B7A-83BB121AAD01}</UniqueIdentifier>
      <Extensions>rc;ico;cur;bmp;dlg;rc2;rct;bin;rgs;gif;jpg;jpeg;jpe;resx;tiff;tif;png;wav;mfcribbon-ms</Extensions>
    </Filter>
    <Filter Include="Game">
      <UniqueIdentifier>{03875279-cd2d-4aff-a622-c26b279fd1a8}</UniqueIdentifier>
    </Filter>
    <Filter Include="GUI">
      <UniqueIdentifier>{13252918-56f8-4f24-b27d-7c62f20855e4}</UniqueIdentifier>
    </Filter>
    <Filter Include="Utilities">
      <UniqueIdentifier>{4e44c9e0-3cdf-4d4a-8454-8211edff87cf}</UniqueIdentifier>
    </Filter>
    <Filter Include="Utilities\Managers">
      <UniqueIdentifier>{0b22e00e-6189-4c0f-bdb0-d5a67c7e739e}</UniqueIdentifier>
    </Filter>
    <Filter Include="Utilities\Action">
      <UniqueIdentifier>{5481b2e5-e805-417a-a85d-1acbb2b529ab}</UniqueIdentifier>
    </Filter>
    <Filter Include="Utilities\Animation">
      <UniqueIdentifier>{f5a364ad-433d-44d3-9d8d-593d56707911}</UniqueIdentifier>
    </Filter>
    <Filter Include="GUI\Widgets">
      <UniqueIdentifier>{07bd7ff1-a127-45bb-aa1b-00bd8557bc56}</UniqueIdentifier>
    </Filter>
    <Filter Include="Game\States">
      <UniqueIdentifier>{0822afc7-b8ac-4604-8674-17f1a5d41108}</UniqueIdentifier>
    </Filter>
    <Filter Include="Game\States\GameStates">
      <UniqueIdentifier>{96f48efb-f6ac-4574-a929-a02032fc3119}</UniqueIdentifier>
    </Filter>
    <Filter Include="Game\Entities">
      <UniqueIdentifier>{ae2c667f-ff62-4881-8832-0325a5f91c37}</UniqueIdentifier>
    </Filter>
    <Filter Include="Game\States\MenuStates">
      <UniqueIdentifier>{6de7d0e4-98b4-482d-9d60-7d365c526fc0}</UniqueIdentifier>
    </Filter>
    <Filter Include="Game\Entities\Ship">
      <UniqueIdentifier>{870c9fc2-dc50-4b03-ae93-91e5cc42c3c4}</UniqueIdentifier>
    </Filter>
    <Filter Include="Game\Entities\Weapon">
      <UniqueIdentifier>{aa6bb40b-9bc6-4510-b539-61a72b6f660f}</UniqueIdentifier>
    </Filter>
    <Filter Include="Game\Entities\Obstacles">
      <UniqueIdentifier>{908eebe8-4210-4ff8-af8b-c4e9746c2067}</UniqueIdentifier>
    </Filter>
    <Filter Include="Game\Entities\Attributes">
      <UniqueIdentifier>{1fa5d011-2fb9-4c3f-95d5-90b53b41f22e}</UniqueIdentifier>
    </Filter>
    <Filter Include="GUI\Widgets\Buttons">
      <UniqueIdentifier>{a49b4783-96ec-47e2-b145-36858817f7db}</UniqueIdentifier>
    </Filter>
    <Filter Include="GUI\Widgets\Layouts">
      <UniqueIdentifier>{9153b4bb-1c90-487a-97d5-44957e4c5fcc}</UniqueIdentifier>
    </Filter>
    <Filter Include="GUI\Widgets\Components">
      <UniqueIdentifier>{1f2c1eca-2c95-46d8-aefd-7d109ad10878}</UniqueIdentifier>
    </Filter>
    <Filter Include="GUI\Widgets\Layouts\Types">
      <UniqueIdentifier>{3d97ec75-a9da-4b92-b536-bfc4c921973b}</UniqueIdentifier>
    </Filter>
    <Filter Include="GUI\Widgets\Buttons\Types">
      <UniqueIdentifier>{b1a3ee83-5657-4e83-88d3-c3076edd7efe}</UniqueIdentifier>
    </Filter>
    <Filter Include="Game\States\GameStates\SubModules">
      <UniqueIdentifier>{d8b2044d-25e7-4250-91a6-0b8da9e3e403}</UniqueIdentifier>
    </Filter>
    <Filter Include="Game\Entities\Ship\EnemyShips">
      <UniqueIdentifier>{cc17ef62-d107-4b37-9ba6-17291ef308e3}</UniqueIdentifier>
    </Filter>
    <Filter Include="Game\Levels">
      <UniqueIdentifier>{d3dfa419-6596-4696-93d2-cd54a8718769}</UniqueIdentifier>
    </Filter>
    <Filter Include="Game\Entities\Weapon\Ammunition">
      <UniqueIdentifier>{61eda801-bbbf-4783-9a6d-8a274c60c7b3}</UniqueIdentifier>
    </Filter>
    <Filter Include="Game\Entities\Weapon\Weapon">
      <UniqueIdentifier>{1980f874-e1e2-4589-8aee-a3867b4bdbd4}</UniqueIdentifier>
    </Filter>
    <Filter Include="Game\Entities\Ship\EnemyShips\Types">
      <UniqueIdentifier>{136ccbb3-6704-4a86-be09-f25f49534c2b}</UniqueIdentifier>
    </Filter>
    <Filter Include="Utilities\Aux">
      <UniqueIdentifier>{6f4e9a56-6701-4750-96cb-ae176d908112}</UniqueIdentifier>
    </Filter>
  </ItemGroup>
  <ItemGroup>
    <ClCompile Include="Source.cpp">
      <Filter>Source Files</Filter>
    </ClCompile>
    <ClCompile Include="Entity.cpp">
      <Filter>Game\Entities</Filter>
    </ClCompile>
    <ClCompile Include="Game.cpp">
      <Filter>Game</Filter>
    </ClCompile>
    <ClCompile Include="Action.cpp">
      <Filter>Utilities\Action</Filter>
    </ClCompile>
    <ClCompile Include="Collision.cpp">
      <Filter>Utilities\Managers</Filter>
    </ClCompile>
    <ClCompile Include="Configuration.cpp">
      <Filter>Utilities\Managers</Filter>
    </ClCompile>
    <ClCompile Include="UI.cpp">
      <Filter>GUI</Filter>
    </ClCompile>
    <ClCompile Include="AnimatedSprite.cpp">
      <Filter>Utilities\Animation</Filter>
    </ClCompile>
    <ClCompile Include="Animation.cpp">
      <Filter>Utilities\Animation</Filter>
    </ClCompile>
    <ClCompile Include="Widget.cpp">
      <Filter>GUI\Widgets</Filter>
    </ClCompile>
    <ClCompile Include="SpaceState.cpp">
      <Filter>Game\States\GameStates</Filter>
    </ClCompile>
    <ClCompile Include="pch.cpp">
      <Filter>Source Files</Filter>
    </ClCompile>
    <ClCompile Include="OptionsState.cpp">
      <Filter>Game\States\MenuStates</Filter>
    </ClCompile>
    <ClCompile Include="MainMenuState.cpp">
      <Filter>Game\States\MenuStates</Filter>
    </ClCompile>
    <ClCompile Include="HangarState.cpp">
      <Filter>Game\States\GameStates</Filter>
    </ClCompile>
    <ClCompile Include="State.cpp">
      <Filter>Game\States</Filter>
    </ClCompile>
    <ClCompile Include="PlayerShip.cpp">
      <Filter>Game\Entities\Ship</Filter>
    </ClCompile>
    <ClCompile Include="Ship.cpp">
      <Filter>Game\Entities\Ship</Filter>
    </ClCompile>
    <ClCompile Include="Meteor.cpp">
      <Filter>Game\Entities\Obstacles</Filter>
    </ClCompile>
    <ClCompile Include="IsLiving.cpp">
      <Filter>Game\Entities\Attributes</Filter>
    </ClCompile>
    <ClCompile Include="HasWeapons.cpp">
      <Filter>Game\Entities\Attributes</Filter>
    </ClCompile>
    <ClCompile Include="CanCollide.cpp">
      <Filter>Game\Entities\Attributes</Filter>
    </ClCompile>
    <ClCompile Include="Layout.cpp">
      <Filter>GUI\Widgets\Layouts</Filter>
    </ClCompile>
    <ClCompile Include="Checkbox.cpp">
      <Filter>GUI\Widgets\Components</Filter>
    </ClCompile>
    <ClCompile Include="Label.cpp">
      <Filter>GUI\Widgets\Components</Filter>
    </ClCompile>
    <ClCompile Include="ArrowSwitch.cpp">
      <Filter>GUI\Widgets\Components</Filter>
    </ClCompile>
    <ClCompile Include="HorizontalLayout.cpp">
      <Filter>GUI\Widgets\Layouts\Types</Filter>
    </ClCompile>
    <ClCompile Include="VerticalLayout.cpp">
      <Filter>GUI\Widgets\Layouts\Types</Filter>
    </ClCompile>
    <ClCompile Include="UnorderedLayout.cpp">
      <Filter>GUI\Widgets\Layouts\Types</Filter>
    </ClCompile>
    <ClCompile Include="TableLayout.cpp">
      <Filter>GUI\Widgets\Layouts\Types</Filter>
    </ClCompile>
    <ClCompile Include="Button.cpp">
      <Filter>GUI\Widgets\Buttons</Filter>
    </ClCompile>
    <ClCompile Include="ArrowSwitchTextButton.cpp">
      <Filter>GUI\Widgets\Buttons\Types</Filter>
    </ClCompile>
    <ClCompile Include="CheckboxButton.cpp">
      <Filter>GUI\Widgets\Buttons\Types</Filter>
    </ClCompile>
    <ClCompile Include="SpriteButton.cpp">
      <Filter>GUI\Widgets\Buttons\Types</Filter>
    </ClCompile>
    <ClCompile Include="TextButton.cpp">
      <Filter>GUI\Widgets\Buttons\Types</Filter>
    </ClCompile>
    <ClCompile Include="CharacterCreation.cpp">
      <Filter>Game\States\GameStates\SubModules</Filter>
    </ClCompile>
    <ClCompile Include="PlayerInfoSheet.cpp">
      <Filter>Game\States\GameStates\SubModules</Filter>
    </ClCompile>
    <ClCompile Include="SpaceBackground.cpp">
      <Filter>Game\States\GameStates\SubModules</Filter>
    </ClCompile>
    <ClCompile Include="Level.cpp">
      <Filter>Game\Levels</Filter>
    </ClCompile>
    <ClCompile Include="EnemyShip.cpp">
      <Filter>Game\Entities\Ship\EnemyShips</Filter>
    </ClCompile>
    <ClCompile Include="Ammunition.cpp">
      <Filter>Game\Entities\Weapon\Ammunition</Filter>
    </ClCompile>
    <ClCompile Include="Beam.cpp">
      <Filter>Game\Entities\Weapon\Ammunition</Filter>
    </ClCompile>
    <ClCompile Include="Laser.cpp">
      <Filter>Game\Entities\Weapon\Ammunition</Filter>
    </ClCompile>
    <ClCompile Include="Missile.cpp">
      <Filter>Game\Entities\Weapon\Ammunition</Filter>
    </ClCompile>
    <ClCompile Include="LaserTurret.cpp">
      <Filter>Game\Entities\Weapon\Weapon</Filter>
    </ClCompile>
    <ClCompile Include="MissileTurret.cpp">
      <Filter>Game\Entities\Weapon\Weapon</Filter>
    </ClCompile>
    <ClCompile Include="BeamTurret.cpp">
      <Filter>Game\Entities\Weapon\Weapon</Filter>
    </ClCompile>
    <ClCompile Include="Weapon.cpp">
      <Filter>Game\Entities\Weapon\Weapon</Filter>
    </ClCompile>
    <ClCompile Include="Player.cpp">
      <Filter>Game</Filter>
    </ClCompile>
    <ClCompile Include="LevelManagerOne.cpp">
      <Filter>Game\Levels</Filter>
    </ClCompile>
    <ClCompile Include="LevelManager.cpp">
      <Filter>Game\Levels</Filter>
    </ClCompile>
    <ClCompile Include="BeamShip.cpp">
      <Filter>Game\Entities\Ship\EnemyShips\Types</Filter>
    </ClCompile>
    <ClCompile Include="BossEnemyShip.cpp">
      <Filter>Game\Entities\Ship\EnemyShips\Types</Filter>
    </ClCompile>
    <ClCompile Include="MinigunShip.cpp">
      <Filter>Game\Entities\Ship\EnemyShips\Types</Filter>
    </ClCompile>
    <ClCompile Include="RocketShip.cpp">
      <Filter>Game\Entities\Ship\EnemyShips\Types</Filter>
    </ClCompile>
    <ClCompile Include="ScoutEnemyShip.cpp">
      <Filter>Game\Entities\Ship\EnemyShips\Types</Filter>
    </ClCompile>
    <ClCompile Include="ScoutShipV2.cpp">
      <Filter>Game\Entities\Ship\EnemyShips\Types</Filter>
    </ClCompile>
    <ClCompile Include="StealthShip.cpp">
      <Filter>Game\Entities\Ship\EnemyShips\Types</Filter>
    </ClCompile>
    <ClCompile Include="SupportShip.cpp">
      <Filter>Game\Entities\Ship\EnemyShips\Types</Filter>
    </ClCompile>
    <ClCompile Include="TankShip.cpp">
      <Filter>Game\Entities\Ship\EnemyShips\Types</Filter>
    </ClCompile>
    <ClCompile Include="Fleet.cpp">
      <Filter>Game\Entities\Ship\EnemyShips</Filter>
    </ClCompile>
    <ClCompile Include="Spline.cpp">
      <Filter>Utilities\Aux</Filter>
    </ClCompile>
    <ClCompile Include="Helpers.cpp">
      <Filter>Utilities\Aux</Filter>
    </ClCompile>
    <ClCompile Include="HasOnDeath.cpp">
      <Filter>Game\Entities\Attributes</Filter>
    </ClCompile>
  </ItemGroup>
  <ItemGroup>
    <ClInclude Include="Entity.h">
      <Filter>Game\Entities</Filter>
    </ClInclude>
    <ClInclude Include="Game.h">
      <Filter>Game</Filter>
    </ClInclude>
    <ClInclude Include="Action.h">
      <Filter>Utilities\Action</Filter>
    </ClInclude>
    <ClInclude Include="ActionTarget.h">
      <Filter>Utilities\Action</Filter>
    </ClInclude>
    <ClInclude Include="ActionMap.h">
      <Filter>Utilities\Action</Filter>
    </ClInclude>
    <ClInclude Include="ResourceManager.h">
      <Filter>Utilities\Managers</Filter>
    </ClInclude>
    <ClInclude Include="Collision.h">
      <Filter>Utilities\Managers</Filter>
    </ClInclude>
    <ClInclude Include="Configuration.h">
      <Filter>Utilities\Managers</Filter>
    </ClInclude>
    <ClInclude Include="UI.h">
      <Filter>GUI</Filter>
    </ClInclude>
    <ClInclude Include="AnimatedSprite.h">
      <Filter>Utilities\Animation</Filter>
    </ClInclude>
    <ClInclude Include="Animation.h">
      <Filter>Utilities\Animation</Filter>
    </ClInclude>
    <ClInclude Include="Widget.h">
      <Filter>GUI\Widgets</Filter>
    </ClInclude>
    <ClInclude Include="SpaceState.h">
      <Filter>Game\States\GameStates</Filter>
    </ClInclude>
    <ClInclude Include="pch.h">
      <Filter>Source Files</Filter>
    </ClInclude>
    <ClInclude Include="OptionsState.h">
      <Filter>Game\States\MenuStates</Filter>
    </ClInclude>
    <ClInclude Include="MainMenuState.h">
      <Filter>Game\States\MenuStates</Filter>
    </ClInclude>
    <ClInclude Include="State.h">
      <Filter>Game\States</Filter>
    </ClInclude>
    <ClInclude Include="HangarState.h">
      <Filter>Game\States\GameStates</Filter>
    </ClInclude>
    <ClInclude Include="PlayerShip.h">
      <Filter>Game\Entities\Ship</Filter>
    </ClInclude>
    <ClInclude Include="Ship.h">
      <Filter>Game\Entities\Ship</Filter>
    </ClInclude>
    <ClInclude Include="Meteor.h">
      <Filter>Game\Entities\Obstacles</Filter>
    </ClInclude>
    <ClInclude Include="IsLiving.h">
      <Filter>Game\Entities\Attributes</Filter>
    </ClInclude>
    <ClInclude Include="HasWeapons.h">
      <Filter>Game\Entities\Attributes</Filter>
    </ClInclude>
    <ClInclude Include="CanCollide.h">
      <Filter>Game\Entities\Attributes</Filter>
    </ClInclude>
    <ClInclude Include="Layout.h">
      <Filter>GUI\Widgets\Layouts</Filter>
    </ClInclude>
    <ClInclude Include="Checkbox.h">
      <Filter>GUI\Widgets\Components</Filter>
    </ClInclude>
    <ClInclude Include="Label.h">
      <Filter>GUI\Widgets\Components</Filter>
    </ClInclude>
    <ClInclude Include="CircularArray.h">
      <Filter>GUI\Widgets\Components</Filter>
    </ClInclude>
    <ClInclude Include="ArrowSwitch.h">
      <Filter>GUI\Widgets\Components</Filter>
    </ClInclude>
    <ClInclude Include="HorizontalLayout.h">
      <Filter>GUI\Widgets\Layouts\Types</Filter>
    </ClInclude>
    <ClInclude Include="VerticalLayout.h">
      <Filter>GUI\Widgets\Layouts\Types</Filter>
    </ClInclude>
    <ClInclude Include="UnorderedLayout.h">
      <Filter>GUI\Widgets\Layouts\Types</Filter>
    </ClInclude>
    <ClInclude Include="TableLayout.h">
      <Filter>GUI\Widgets\Layouts\Types</Filter>
    </ClInclude>
    <ClInclude Include="Button.h">
      <Filter>GUI\Widgets\Buttons</Filter>
    </ClInclude>
    <ClInclude Include="ArrowSwitchTextButton.h">
      <Filter>GUI\Widgets\Buttons\Types</Filter>
    </ClInclude>
    <ClInclude Include="CheckboxButton.h">
      <Filter>GUI\Widgets\Buttons\Types</Filter>
    </ClInclude>
    <ClInclude Include="SpriteButton.h">
      <Filter>GUI\Widgets\Buttons\Types</Filter>
    </ClInclude>
    <ClInclude Include="TextButton.h">
      <Filter>GUI\Widgets\Buttons\Types</Filter>
    </ClInclude>
    <ClInclude Include="CharacterCreation.h">
      <Filter>Game\States\GameStates\SubModules</Filter>
    </ClInclude>
    <ClInclude Include="PlayerInfoSheet.h">
      <Filter>Game\States\GameStates\SubModules</Filter>
    </ClInclude>
    <ClInclude Include="SpaceBackground.h">
      <Filter>Game\States\GameStates\SubModules</Filter>
    </ClInclude>
    <ClInclude Include="Level.h">
      <Filter>Game\Levels</Filter>
    </ClInclude>
    <ClInclude Include="EnemyShip.h">
      <Filter>Game\Entities\Ship\EnemyShips</Filter>
    </ClInclude>
    <ClInclude Include="Ammunition.h">
      <Filter>Game\Entities\Weapon\Ammunition</Filter>
    </ClInclude>
    <ClInclude Include="Beam.h">
      <Filter>Game\Entities\Weapon\Ammunition</Filter>
    </ClInclude>
    <ClInclude Include="Laser.h">
      <Filter>Game\Entities\Weapon\Ammunition</Filter>
    </ClInclude>
    <ClInclude Include="Missile.h">
      <Filter>Game\Entities\Weapon\Ammunition</Filter>
    </ClInclude>
    <ClInclude Include="LaserTurret.h">
      <Filter>Game\Entities\Weapon\Weapon</Filter>
    </ClInclude>
    <ClInclude Include="MissileTurret.h">
      <Filter>Game\Entities\Weapon\Weapon</Filter>
    </ClInclude>
    <ClInclude Include="BeamTurret.h">
      <Filter>Game\Entities\Weapon\Weapon</Filter>
    </ClInclude>
    <ClInclude Include="Weapon.h">
      <Filter>Game\Entities\Weapon\Weapon</Filter>
    </ClInclude>
    <ClInclude Include="Weaponry.h">
      <Filter>Game\Entities\Weapon</Filter>
    </ClInclude>
    <ClInclude Include="Player.h">
      <Filter>Game</Filter>
    </ClInclude>
    <ClInclude Include="LevelManagerOne.h">
      <Filter>Game\Levels</Filter>
    </ClInclude>
    <ClInclude Include="LevelManager.h">
      <Filter>Game\Levels</Filter>
    </ClInclude>
    <ClInclude Include="BeamShip.h">
      <Filter>Game\Entities\Ship\EnemyShips\Types</Filter>
    </ClInclude>
    <ClInclude Include="BossEnemyShip.h">
      <Filter>Game\Entities\Ship\EnemyShips\Types</Filter>
    </ClInclude>
    <ClInclude Include="MinigunShip.h">
      <Filter>Game\Entities\Ship\EnemyShips\Types</Filter>
    </ClInclude>
    <ClInclude Include="RocketShip.h">
      <Filter>Game\Entities\Ship\EnemyShips\Types</Filter>
    </ClInclude>
    <ClInclude Include="ScoutEnemyShip.h">
      <Filter>Game\Entities\Ship\EnemyShips\Types</Filter>
    </ClInclude>
    <ClInclude Include="ScoutShipV2.h">
      <Filter>Game\Entities\Ship\EnemyShips\Types</Filter>
    </ClInclude>
    <ClInclude Include="StealthShip.h">
      <Filter>Game\Entities\Ship\EnemyShips\Types</Filter>
    </ClInclude>
    <ClInclude Include="SupportShip.h">
      <Filter>Game\Entities\Ship\EnemyShips\Types</Filter>
    </ClInclude>
    <ClInclude Include="TankShip.h">
      <Filter>Game\Entities\Ship\EnemyShips\Types</Filter>
    </ClInclude>
    <ClInclude Include="Fleet.h">
      <Filter>Game\Entities\Ship\EnemyShips</Filter>
    </ClInclude>
    <ClInclude Include="Spline.h">
      <Filter>Utilities\Aux</Filter>
    </ClInclude>
    <ClInclude Include="Helpers.h">
      <Filter>Utilities\Aux</Filter>
    </ClInclude>
    <ClInclude Include="HasOnDeath.h">
      <Filter>Game\Entities\Attributes</Filter>
    </ClInclude>
  </ItemGroup>
  <ItemGroup>
    <None Include="packages.config" />
  </ItemGroup>
</Project>