<?xml version="1.0" encoding="utf-8"?>
<Project ToolsVersion="4.0" xmlns="http://schemas.microsoft.com/developer/msbuild/2003">
  <ItemGroup>
    <Filter Include="Source Files">
      <UniqueIdentifier>{4FC737F1-C7A5-4376-A066-2A32D752A2FF}</UniqueIdentifier>
      <Extensions>cpp;c;cc;cxx;c++;cppm;ixx;def;odl;idl;hpj;bat;asm;asmx</Extensions>
    </Filter>
    <Filter Include="Header Files">
      <UniqueIdentifier>{93995380-89BD-4b04-88EB-625FBE52EBFB}</UniqueIdentifier>
      <Extensions>h;hh;hpp;hxx;h++;hm;inl;inc;ipp;xsd</Extensions>
    </Filter>
    <Filter Include="Resource Files">
      <UniqueIdentifier>{67DA6AB6-F800-4c08-8B7A-83BB121AAD01}</UniqueIdentifier>
      <Extensions>rc;ico;cur;bmp;dlg;rc2;rct;bin;rgs;gif;jpg;jpeg;jpe;resx;tiff;tif;png;wav;mfcribbon-ms</Extensions>
    </Filter>
    <Filter Include="Header Files\Entity">
      <UniqueIdentifier>{ae2c667f-ff62-4881-8832-0325a5f91c37}</UniqueIdentifier>
    </Filter>
    <Filter Include="Game">
      <UniqueIdentifier>{03875279-cd2d-4aff-a622-c26b279fd1a8}</UniqueIdentifier>
    </Filter>
    <Filter Include="GUI">
      <UniqueIdentifier>{13252918-56f8-4f24-b27d-7c62f20855e4}</UniqueIdentifier>
    </Filter>
    <Filter Include="Utilities">
      <UniqueIdentifier>{4e44c9e0-3cdf-4d4a-8454-8211edff87cf}</UniqueIdentifier>
    </Filter>
    <Filter Include="Utilities\Managers">
      <UniqueIdentifier>{0b22e00e-6189-4c0f-bdb0-d5a67c7e739e}</UniqueIdentifier>
    </Filter>
    <Filter Include="Utilities\Action">
      <UniqueIdentifier>{5481b2e5-e805-417a-a85d-1acbb2b529ab}</UniqueIdentifier>
    </Filter>
    <Filter Include="Utilities\Animation">
      <UniqueIdentifier>{f5a364ad-433d-44d3-9d8d-593d56707911}</UniqueIdentifier>
    </Filter>
    <Filter Include="GUI\Widgets">
      <UniqueIdentifier>{07bd7ff1-a127-45bb-aa1b-00bd8557bc56}</UniqueIdentifier>
    </Filter>
    <Filter Include="GUI\Widgets\Component">
      <UniqueIdentifier>{a49b4783-96ec-47e2-b145-36858817f7db}</UniqueIdentifier>
    </Filter>
  </ItemGroup>
  <ItemGroup>
    <ClCompile Include="Source.cpp">
      <Filter>Source Files</Filter>
    </ClCompile>
    <ClCompile Include="Entity.cpp">
      <Filter>Header Files\Entity</Filter>
    </ClCompile>
    <ClCompile Include="Player.cpp">
      <Filter>Header Files\Entity</Filter>
    </ClCompile>
    <ClCompile Include="Enemy.cpp">
      <Filter>Header Files\Entity</Filter>
    </ClCompile>
    <ClCompile Include="Meteor.cpp">
      <Filter>Header Files\Entity</Filter>
    </ClCompile>
    <ClCompile Include="Game.cpp">
      <Filter>Game</Filter>
    </ClCompile>
    <ClCompile Include="World.cpp">
      <Filter>Game</Filter>
    </ClCompile>
    <ClCompile Include="Action.cpp">
      <Filter>Utilities\Action</Filter>
    </ClCompile>
    <ClCompile Include="Collision.cpp">
      <Filter>Utilities\Managers</Filter>
    </ClCompile>
    <ClCompile Include="Configuration.cpp">
      <Filter>Utilities\Managers</Filter>
    </ClCompile>
    <ClCompile Include="UI.cpp">
      <Filter>GUI</Filter>
    </ClCompile>
    <ClCompile Include="Space.cpp">
      <Filter>Game</Filter>
    </ClCompile>
    <ClCompile Include="MainMenu.cpp">
      <Filter>Game</Filter>
    </ClCompile>
    <ClCompile Include="Hangar.cpp">
      <Filter>Game</Filter>
    </ClCompile>
    <ClCompile Include="Planet.cpp">
      <Filter>Game</Filter>
    </ClCompile>
    <ClCompile Include="AnimatedSprite.cpp">
      <Filter>Utilities\Animation</Filter>
    </ClCompile>
    <ClCompile Include="Animation.cpp">
      <Filter>Utilities\Animation</Filter>
    </ClCompile>
    <ClCompile Include="Widget.cpp">
      <Filter>GUI\Widgets</Filter>
    </ClCompile>
    <ClCompile Include="Button.cpp">
      <Filter>GUI\Widgets\Component</Filter>
    </ClCompile>
    <ClCompile Include="Label.cpp">
      <Filter>GUI\Widgets\Component</Filter>
    </ClCompile>
    <ClCompile Include="Layout.cpp">
      <Filter>GUI\Widgets\Component</Filter>
    </ClCompile>
  </ItemGroup>
  <ItemGroup>
    <ClInclude Include="Enemy.h">
      <Filter>Header Files\Entity</Filter>
    </ClInclude>
    <ClInclude Include="Entity.h">
      <Filter>Header Files\Entity</Filter>
    </ClInclude>
    <ClInclude Include="Meteor.h">
      <Filter>Header Files\Entity</Filter>
    </ClInclude>
    <ClInclude Include="Player.h">
      <Filter>Header Files\Entity</Filter>
    </ClInclude>
    <ClInclude Include="Game.h">
      <Filter>Game</Filter>
    </ClInclude>
    <ClInclude Include="World.h">
      <Filter>Game</Filter>
    </ClInclude>
    <ClInclude Include="Action.h">
      <Filter>Utilities\Action</Filter>
    </ClInclude>
    <ClInclude Include="ActionTarget.h">
      <Filter>Utilities\Action</Filter>
    </ClInclude>
    <ClInclude Include="ActionMap.h">
      <Filter>Utilities\Action</Filter>
    </ClInclude>
    <ClInclude Include="ResourceManager.h">
      <Filter>Utilities\Managers</Filter>
    </ClInclude>
    <ClInclude Include="Collision.h">
      <Filter>Utilities\Managers</Filter>
    </ClInclude>
    <ClInclude Include="Configuration.h">
      <Filter>Utilities\Managers</Filter>
    </ClInclude>
    <ClInclude Include="UI.h">
      <Filter>GUI</Filter>
    </ClInclude>
    <ClInclude Include="Hangar.h">
      <Filter>Game</Filter>
    </ClInclude>
    <ClInclude Include="MainMenu.h">
      <Filter>Game</Filter>
    </ClInclude>
    <ClInclude Include="Space.h">
      <Filter>Game</Filter>
    </ClInclude>
    <ClInclude Include="Planet.h">
      <Filter>Game</Filter>
    </ClInclude>
    <ClInclude Include="AnimatedSprite.h">
      <Filter>Utilities\Animation</Filter>
    </ClInclude>
    <ClInclude Include="Animation.h">
      <Filter>Utilities\Animation</Filter>
    </ClInclude>
    <ClInclude Include="Widget.h">
      <Filter>GUI\Widgets</Filter>
    </ClInclude>
    <ClInclude Include="Button.h">
      <Filter>GUI\Widgets\Component</Filter>
    </ClInclude>
    <ClInclude Include="Label.h">
      <Filter>GUI\Widgets\Component</Filter>
    </ClInclude>
    <ClInclude Include="Layout.h">
      <Filter>GUI\Widgets\Component</Filter>
    </ClInclude>
  </ItemGroup>
  <ItemGroup>
    <None Include="ClassDiagram.cd" />
  </ItemGroup>
</Project>